
Microsoft Visual Studio Solution File, Format Version 12.00
# Visual Studio Version 16
VisualStudioVersion = 25.0.1700.0
MinimumVisualStudioVersion = 10.0.40219.1
Project("{FAE04EC0-301F-11D3-BF4B-00C04F79EFBC}") = "dndun_solution", "dndun_solution\dndun_solution.csproj", "{1436D423-EBC3-4BF9-8A8A-B21253B7FD33}"
EndProject
Global
	GlobalSection(SolutionConfigurationPlatforms) = preSolution
		Debug|Any CPU = Debug|Any CPU
		Release|Any CPU = Release|Any CPU
	EndGlobalSection
	GlobalSection(ProjectConfigurationPlatforms) = postSolution
		{1436D423-EBC3-4BF9-8A8A-B21253B7FD33}.Debug|Any CPU.ActiveCfg = Debug|Any CPU
		{1436D423-EBC3-4BF9-8A8A-B21253B7FD33}.Debug|Any CPU.Build.0 = Debug|Any CPU
		{1436D423-EBC3-4BF9-8A8A-B21253B7FD33}.Release|Any CPU.ActiveCfg = Release|Any CPU
		{1436D423-EBC3-4BF9-8A8A-B21253B7FD33}.Release|Any CPU.Build.0 = Release|Any CPU
	EndGlobalSection
	GlobalSection(SolutionProperties) = preSolution
		HideSolutionNode = FALSE
	EndGlobalSection
	GlobalSection(ExtensibilityGlobals) = postSolution
		SolutionGuid = {64324C85-8BFB-49C0-A251-ED02002C4535}
	EndGlobalSection
EndGlobal
